
Microsoft Visual Studio Solution File, Format Version 12.00
# Visual Studio Version 17
VisualStudioVersion = 17.11.35208.52
MinimumVisualStudioVersion = 10.0.40219.1
Project("{FAE04EC0-301F-11D3-BF4B-00C04F79EFBC}") = "Sesion17G3", "Sesion17G3\Sesion17G3.csproj", "{15C740B7-F22B-43AC-AEF2-68F4EB5C446D}"
EndProject
Global
	GlobalSection(SolutionConfigurationPlatforms) = preSolution
		Debug|Any CPU = Debug|Any CPU
		Release|Any CPU = Release|Any CPU
	EndGlobalSection
	GlobalSection(ProjectConfigurationPlatforms) = postSolution
		{15C740B7-F22B-43AC-AEF2-68F4EB5C446D}.Debug|Any CPU.ActiveCfg = Debug|Any CPU
		{15C740B7-F22B-43AC-AEF2-68F4EB5C446D}.Debug|Any CPU.Build.0 = Debug|Any CPU
		{15C740B7-F22B-43AC-AEF2-68F4EB5C446D}.Release|Any CPU.ActiveCfg = Release|Any CPU
		{15C740B7-F22B-43AC-AEF2-68F4EB5C446D}.Release|Any CPU.Build.0 = Release|Any CPU
	EndGlobalSection
	GlobalSection(SolutionProperties) = preSolution
		HideSolutionNode = FALSE
	EndGlobalSection
	GlobalSection(ExtensibilityGlobals) = postSolution
		SolutionGuid = {1CC27631-3A85-43FC-8F8A-8CC62A130ECF}
	EndGlobalSection
EndGlobal
